
Microsoft Visual Studio Solution File, Format Version 12.00
# Visual Studio Version 17
VisualStudioVersion = 17.6.33829.357
MinimumVisualStudioVersion = 10.0.40219.1
Project("{888888A0-9F3D-457C-B088-3A5042F75D52}") = "QRCodeMaker", "QRCodeMaker\QRCodeMaker.pyproj", "{B17C4CDB-4F64-4180-8F56-234EE4176B37}"
EndProject
Global
	GlobalSection(SolutionConfigurationPlatforms) = preSolution
		Debug|Any CPU = Debug|Any CPU
		Release|Any CPU = Release|Any CPU
	EndGlobalSection
	GlobalSection(ProjectConfigurationPlatforms) = postSolution
		{B17C4CDB-4F64-4180-8F56-234EE4176B37}.Debug|Any CPU.ActiveCfg = Debug|Any CPU
		{B17C4CDB-4F64-4180-8F56-234EE4176B37}.Release|Any CPU.ActiveCfg = Release|Any CPU
	EndGlobalSection
	GlobalSection(SolutionProperties) = preSolution
		HideSolutionNode = FALSE
	EndGlobalSection
	GlobalSection(ExtensibilityGlobals) = postSolution
		SolutionGuid = {D856B74C-D18E-4FBC-9A9D-0222090F25E3}
	EndGlobalSection
EndGlobal
